
Microsoft Visual Studio Solution File, Format Version 12.00
# Visual Studio Version 17
VisualStudioVersion = 17.11.35312.102
MinimumVisualStudioVersion = 10.0.40219.1
Project("{FAE04EC0-301F-11D3-BF4B-00C04F79EFBC}") = "KoneksiDataBase", "KoneksiDataBase\KoneksiDataBase.csproj", "{593E022C-C380-4B0A-94A1-C897BC5F9098}"
EndProject
Global
	GlobalSection(SolutionConfigurationPlatforms) = preSolution
		Debug|Any CPU = Debug|Any CPU
		Release|Any CPU = Release|Any CPU
	EndGlobalSection
	GlobalSection(ProjectConfigurationPlatforms) = postSolution
		{593E022C-C380-4B0A-94A1-C897BC5F9098}.Debug|Any CPU.ActiveCfg = Debug|Any CPU
		{593E022C-C380-4B0A-94A1-C897BC5F9098}.Debug|Any CPU.Build.0 = Debug|Any CPU
		{593E022C-C380-4B0A-94A1-C897BC5F9098}.Release|Any CPU.ActiveCfg = Release|Any CPU
		{593E022C-C380-4B0A-94A1-C897BC5F9098}.Release|Any CPU.Build.0 = Release|Any CPU
	EndGlobalSection
	GlobalSection(SolutionProperties) = preSolution
		HideSolutionNode = FALSE
	EndGlobalSection
	GlobalSection(ExtensibilityGlobals) = postSolution
		SolutionGuid = {0E75859F-3AB7-4472-BA86-87D20B3145F7}
	EndGlobalSection
EndGlobal
